{
	"name": "@reix/ecs",
	"version": "0.0.1",
	"lockfileVersion": 1,
	"requires": true,
	"dependencies": {
		"@types/double-ended-queue": {
			"version": "2.1.1",
			"resolved": "https://registry.npmjs.org/@types/double-ended-queue/-/double-ended-queue-2.1.1.tgz",
			"integrity": "sha512-O2+umEIlHBVyi+ePmucPjpINqTvSnsz+hAok0D4IpvrOsIsDr6c34B0AbNXW2UDVYuxbv51z5dxnrRt23ohgWg==",
			"dev": true
		},
		"double-ended-queue": {
			"version": "2.1.0-0",
			"resolved": "https://registry.npmjs.org/double-ended-queue/-/double-ended-queue-2.1.0-0.tgz",
			"integrity": "sha1-ED01J/0xUo9AGIEwyEHv3XgmTlw="
		},
		"tslib": {
			"version": "1.10.0",
			"resolved": "https://registry.npmjs.org/tslib/-/tslib-1.10.0.tgz",
			"integrity": "sha512-qOebF53frne81cf0S9B41ByenJ3/IuH8yJKngAX35CmiZySA0khhkovshKK+jGCaMnVomla7gVlIcc3EvKPbTQ=="
		}
	}
}
